
Microsoft Visual Studio Solution File, Format Version 12.00
# Visual Studio Version 16
VisualStudioVersion = 16.0.30002.166
MinimumVisualStudioVersion = 10.0.40219.1
Project("{FAE04EC0-301F-11D3-BF4B-00C04F79EFBC}") = "Scheduler", "Scheduler\Scheduler.csproj", "{0CC68A8A-653B-45C5-BDD4-7FFA5B1775B5}"
EndProject
Project("{FAE04EC0-301F-11D3-BF4B-00C04F79EFBC}") = "Calender.Lib", "Calender.Lib\Calender.Lib.csproj", "{D117BF04-F8BC-4DFB-937D-60BBCAA8DD72}"
EndProject
Global
	GlobalSection(SolutionConfigurationPlatforms) = preSolution
		Debug|Any CPU = Debug|Any CPU
		Release|Any CPU = Release|Any CPU
	EndGlobalSection
	GlobalSection(ProjectConfigurationPlatforms) = postSolution
		{0CC68A8A-653B-45C5-BDD4-7FFA5B1775B5}.Debug|Any CPU.ActiveCfg = Debug|Any CPU
		{0CC68A8A-653B-45C5-BDD4-7FFA5B1775B5}.Debug|Any CPU.Build.0 = Debug|Any CPU
		{0CC68A8A-653B-45C5-BDD4-7FFA5B1775B5}.Release|Any CPU.ActiveCfg = Release|Any CPU
		{0CC68A8A-653B-45C5-BDD4-7FFA5B1775B5}.Release|Any CPU.Build.0 = Release|Any CPU
		{D117BF04-F8BC-4DFB-937D-60BBCAA8DD72}.Debug|Any CPU.ActiveCfg = Debug|Any CPU
		{D117BF04-F8BC-4DFB-937D-60BBCAA8DD72}.Debug|Any CPU.Build.0 = Debug|Any CPU
		{D117BF04-F8BC-4DFB-937D-60BBCAA8DD72}.Release|Any CPU.ActiveCfg = Release|Any CPU
		{D117BF04-F8BC-4DFB-937D-60BBCAA8DD72}.Release|Any CPU.Build.0 = Release|Any CPU
	EndGlobalSection
	GlobalSection(SolutionProperties) = preSolution
		HideSolutionNode = FALSE
	EndGlobalSection
	GlobalSection(ExtensibilityGlobals) = postSolution
		SolutionGuid = {9F0B506A-16FC-4F6A-922D-38110EF90CD8}
	EndGlobalSection
EndGlobal
